
Microsoft Visual Studio Solution File, Format Version 12.00
# Visual Studio 15
VisualStudioVersion = 15.0.26430.16
MinimumVisualStudioVersion = 10.0.40219.1
Project("{9A19103F-16F7-4668-BE54-9A1E7A4F7556}") = "Pug.ServerManager", "Pug.ServerManager\Pug.ServerManager.csproj", "{9ED428BE-A16C-4F59-A662-2CBE61B45DC8}"
EndProject
Project("{9A19103F-16F7-4668-BE54-9A1E7A4F7556}") = "Pug.ViewModels", "Pug.ViewModels\Pug.ViewModels.csproj", "{FACAC96F-074F-4352-B7E9-C11F13668DDC}"
EndProject
Project("{9A19103F-16F7-4668-BE54-9A1E7A4F7556}") = "Pug.Clients.Web", "Pug.Clients.Web\Pug.Clients.Web.csproj", "{D40AE2CD-3C2B-41CA-8661-1376AAB4BB76}"
EndProject
Global
	GlobalSection(SolutionConfigurationPlatforms) = preSolution
		Debug|Any CPU = Debug|Any CPU
		Release|Any CPU = Release|Any CPU
	EndGlobalSection
	GlobalSection(ProjectConfigurationPlatforms) = postSolution
		{9ED428BE-A16C-4F59-A662-2CBE61B45DC8}.Debug|Any CPU.ActiveCfg = Debug|Any CPU
		{9ED428BE-A16C-4F59-A662-2CBE61B45DC8}.Debug|Any CPU.Build.0 = Debug|Any CPU
		{9ED428BE-A16C-4F59-A662-2CBE61B45DC8}.Release|Any CPU.ActiveCfg = Release|Any CPU
		{9ED428BE-A16C-4F59-A662-2CBE61B45DC8}.Release|Any CPU.Build.0 = Release|Any CPU
		{FACAC96F-074F-4352-B7E9-C11F13668DDC}.Debug|Any CPU.ActiveCfg = Debug|Any CPU
		{FACAC96F-074F-4352-B7E9-C11F13668DDC}.Debug|Any CPU.Build.0 = Debug|Any CPU
		{FACAC96F-074F-4352-B7E9-C11F13668DDC}.Release|Any CPU.ActiveCfg = Release|Any CPU
		{FACAC96F-074F-4352-B7E9-C11F13668DDC}.Release|Any CPU.Build.0 = Release|Any CPU
		{D40AE2CD-3C2B-41CA-8661-1376AAB4BB76}.Debug|Any CPU.ActiveCfg = Debug|Any CPU
		{D40AE2CD-3C2B-41CA-8661-1376AAB4BB76}.Debug|Any CPU.Build.0 = Debug|Any CPU
		{D40AE2CD-3C2B-41CA-8661-1376AAB4BB76}.Release|Any CPU.ActiveCfg = Release|Any CPU
		{D40AE2CD-3C2B-41CA-8661-1376AAB4BB76}.Release|Any CPU.Build.0 = Release|Any CPU
	EndGlobalSection
	GlobalSection(SolutionProperties) = preSolution
		HideSolutionNode = FALSE
	EndGlobalSection
EndGlobal
